
Microsoft Visual Studio Solution File, Format Version 12.00
# Visual Studio 15
VisualStudioVersion = 15.0.27703.2000
MinimumVisualStudioVersion = 10.0.40219.1
Project("{FAE04EC0-301F-11D3-BF4B-00C04F79EFBC}") = "HuaTianProject", "HuaTianProject\HuaTianProject.csproj", "{C1195E7B-C6BE-4AC8-B0EC-FDF444A635B0}"
EndProject
Project("{FAE04EC0-301F-11D3-BF4B-00C04F79EFBC}") = "QRCode", "二维码\QRCode.csproj", "{4F53F05E-7FA3-4B47-BBA2-7A72BEAAB3AE}"
EndProject
Project("{FAE04EC0-301F-11D3-BF4B-00C04F79EFBC}") = "WindowsFormsApplication1", "WindowsFormsApplication1\WindowsFormsApplication1.csproj", "{CA8710D8-05B6-4B7A-9879-39433B164166}"
EndProject
Project("{FAE04EC0-301F-11D3-BF4B-00C04F79EFBC}") = "MES", "MES\MES.csproj", "{3D3B2D92-B001-463D-9A59-941E18E64503}"
EndProject
Project("{FAE04EC0-301F-11D3-BF4B-00C04F79EFBC}") = "PlcCommunication", "HslCommunication_Net35\PlcCommunication.csproj", "{D3710B78-1B32-4D53-9604-0451A795A2F5}"
EndProject
Project("{FAE04EC0-301F-11D3-BF4B-00C04F79EFBC}") = "CoderMachine", "CoderMachine\CoderMachine.csproj", "{AF3B7F60-6653-446C-88C9-4AB7E2059DEE}"
EndProject
Project("{FAE04EC0-301F-11D3-BF4B-00C04F79EFBC}") = "CheckProject", "CheckProject\CheckProject.csproj", "{310BC839-337C-4A7E-A8D0-2510E986B358}"
EndProject
Global
	GlobalSection(SolutionConfigurationPlatforms) = preSolution
		Debug|Any CPU = Debug|Any CPU
		Debug|x64 = Debug|x64
		Debug|x86 = Debug|x86
		Release|Any CPU = Release|Any CPU
		Release|x64 = Release|x64
		Release|x86 = Release|x86
	EndGlobalSection
	GlobalSection(ProjectConfigurationPlatforms) = postSolution
		{C1195E7B-C6BE-4AC8-B0EC-FDF444A635B0}.Debug|Any CPU.ActiveCfg = Debug|Any CPU
		{C1195E7B-C6BE-4AC8-B0EC-FDF444A635B0}.Debug|Any CPU.Build.0 = Debug|Any CPU
		{C1195E7B-C6BE-4AC8-B0EC-FDF444A635B0}.Debug|x64.ActiveCfg = Debug|Any CPU
		{C1195E7B-C6BE-4AC8-B0EC-FDF444A635B0}.Debug|x64.Build.0 = Debug|Any CPU
		{C1195E7B-C6BE-4AC8-B0EC-FDF444A635B0}.Debug|x86.ActiveCfg = Debug|x86
		{C1195E7B-C6BE-4AC8-B0EC-FDF444A635B0}.Debug|x86.Build.0 = Debug|x86
		{C1195E7B-C6BE-4AC8-B0EC-FDF444A635B0}.Release|Any CPU.ActiveCfg = Release|Any CPU
		{C1195E7B-C6BE-4AC8-B0EC-FDF444A635B0}.Release|Any CPU.Build.0 = Release|Any CPU
		{C1195E7B-C6BE-4AC8-B0EC-FDF444A635B0}.Release|x64.ActiveCfg = Release|Any CPU
		{C1195E7B-C6BE-4AC8-B0EC-FDF444A635B0}.Release|x64.Build.0 = Release|Any CPU
		{C1195E7B-C6BE-4AC8-B0EC-FDF444A635B0}.Release|x86.ActiveCfg = Release|x86
		{C1195E7B-C6BE-4AC8-B0EC-FDF444A635B0}.Release|x86.Build.0 = Release|x86
		{4F53F05E-7FA3-4B47-BBA2-7A72BEAAB3AE}.Debug|Any CPU.ActiveCfg = Debug|Any CPU
		{4F53F05E-7FA3-4B47-BBA2-7A72BEAAB3AE}.Debug|Any CPU.Build.0 = Debug|Any CPU
		{4F53F05E-7FA3-4B47-BBA2-7A72BEAAB3AE}.Debug|x64.ActiveCfg = Debug|Any CPU
		{4F53F05E-7FA3-4B47-BBA2-7A72BEAAB3AE}.Debug|x64.Build.0 = Debug|Any CPU
		{4F53F05E-7FA3-4B47-BBA2-7A72BEAAB3AE}.Debug|x86.ActiveCfg = Debug|x86
		{4F53F05E-7FA3-4B47-BBA2-7A72BEAAB3AE}.Debug|x86.Build.0 = Debug|x86
		{4F53F05E-7FA3-4B47-BBA2-7A72BEAAB3AE}.Release|Any CPU.ActiveCfg = Release|Any CPU
		{4F53F05E-7FA3-4B47-BBA2-7A72BEAAB3AE}.Release|Any CPU.Build.0 = Release|Any CPU
		{4F53F05E-7FA3-4B47-BBA2-7A72BEAAB3AE}.Release|x64.ActiveCfg = Release|Any CPU
		{4F53F05E-7FA3-4B47-BBA2-7A72BEAAB3AE}.Release|x64.Build.0 = Release|Any CPU
		{4F53F05E-7FA3-4B47-BBA2-7A72BEAAB3AE}.Release|x86.ActiveCfg = Release|x86
		{4F53F05E-7FA3-4B47-BBA2-7A72BEAAB3AE}.Release|x86.Build.0 = Release|x86
		{CA8710D8-05B6-4B7A-9879-39433B164166}.Debug|Any CPU.ActiveCfg = Debug|Any CPU
		{CA8710D8-05B6-4B7A-9879-39433B164166}.Debug|Any CPU.Build.0 = Debug|Any CPU
		{CA8710D8-05B6-4B7A-9879-39433B164166}.Debug|x64.ActiveCfg = Debug|Any CPU
		{CA8710D8-05B6-4B7A-9879-39433B164166}.Debug|x64.Build.0 = Debug|Any CPU
		{CA8710D8-05B6-4B7A-9879-39433B164166}.Debug|x86.ActiveCfg = Debug|x86
		{CA8710D8-05B6-4B7A-9879-39433B164166}.Debug|x86.Build.0 = Debug|x86
		{CA8710D8-05B6-4B7A-9879-39433B164166}.Release|Any CPU.ActiveCfg = Release|Any CPU
		{CA8710D8-05B6-4B7A-9879-39433B164166}.Release|Any CPU.Build.0 = Release|Any CPU
		{CA8710D8-05B6-4B7A-9879-39433B164166}.Release|x64.ActiveCfg = Release|Any CPU
		{CA8710D8-05B6-4B7A-9879-39433B164166}.Release|x64.Build.0 = Release|Any CPU
		{CA8710D8-05B6-4B7A-9879-39433B164166}.Release|x86.ActiveCfg = Release|x86
		{CA8710D8-05B6-4B7A-9879-39433B164166}.Release|x86.Build.0 = Release|x86
		{3D3B2D92-B001-463D-9A59-941E18E64503}.Debug|Any CPU.ActiveCfg = Debug|Any CPU
		{3D3B2D92-B001-463D-9A59-941E18E64503}.Debug|Any CPU.Build.0 = Debug|Any CPU
		{3D3B2D92-B001-463D-9A59-941E18E64503}.Debug|x64.ActiveCfg = Debug|x64
		{3D3B2D92-B001-463D-9A59-941E18E64503}.Debug|x64.Build.0 = Debug|x64
		{3D3B2D92-B001-463D-9A59-941E18E64503}.Debug|x86.ActiveCfg = Debug|x86
		{3D3B2D92-B001-463D-9A59-941E18E64503}.Debug|x86.Build.0 = Debug|x86
		{3D3B2D92-B001-463D-9A59-941E18E64503}.Release|Any CPU.ActiveCfg = Release|Any CPU
		{3D3B2D92-B001-463D-9A59-941E18E64503}.Release|Any CPU.Build.0 = Release|Any CPU
		{3D3B2D92-B001-463D-9A59-941E18E64503}.Release|x64.ActiveCfg = Release|x64
		{3D3B2D92-B001-463D-9A59-941E18E64503}.Release|x64.Build.0 = Release|x64
		{3D3B2D92-B001-463D-9A59-941E18E64503}.Release|x86.ActiveCfg = Release|x86
		{3D3B2D92-B001-463D-9A59-941E18E64503}.Release|x86.Build.0 = Release|x86
		{D3710B78-1B32-4D53-9604-0451A795A2F5}.Debug|Any CPU.ActiveCfg = Debug|Any CPU
		{D3710B78-1B32-4D53-9604-0451A795A2F5}.Debug|Any CPU.Build.0 = Debug|Any CPU
		{D3710B78-1B32-4D53-9604-0451A795A2F5}.Debug|x64.ActiveCfg = Debug|Any CPU
		{D3710B78-1B32-4D53-9604-0451A795A2F5}.Debug|x64.Build.0 = Debug|Any CPU
		{D3710B78-1B32-4D53-9604-0451A795A2F5}.Debug|x86.ActiveCfg = Debug|x86
		{D3710B78-1B32-4D53-9604-0451A795A2F5}.Debug|x86.Build.0 = Debug|x86
		{D3710B78-1B32-4D53-9604-0451A795A2F5}.Release|Any CPU.ActiveCfg = Release|Any CPU
		{D3710B78-1B32-4D53-9604-0451A795A2F5}.Release|Any CPU.Build.0 = Release|Any CPU
		{D3710B78-1B32-4D53-9604-0451A795A2F5}.Release|x64.ActiveCfg = Release|Any CPU
		{D3710B78-1B32-4D53-9604-0451A795A2F5}.Release|x64.Build.0 = Release|Any CPU
		{D3710B78-1B32-4D53-9604-0451A795A2F5}.Release|x86.ActiveCfg = Release|x86
		{D3710B78-1B32-4D53-9604-0451A795A2F5}.Release|x86.Build.0 = Release|x86
		{AF3B7F60-6653-446C-88C9-4AB7E2059DEE}.Debug|Any CPU.ActiveCfg = Debug|Any CPU
		{AF3B7F60-6653-446C-88C9-4AB7E2059DEE}.Debug|Any CPU.Build.0 = Debug|Any CPU
		{AF3B7F60-6653-446C-88C9-4AB7E2059DEE}.Debug|x64.ActiveCfg = Debug|Any CPU
		{AF3B7F60-6653-446C-88C9-4AB7E2059DEE}.Debug|x64.Build.0 = Debug|Any CPU
		{AF3B7F60-6653-446C-88C9-4AB7E2059DEE}.Debug|x86.ActiveCfg = Debug|Any CPU
		{AF3B7F60-6653-446C-88C9-4AB7E2059DEE}.Debug|x86.Build.0 = Debug|Any CPU
		{AF3B7F60-6653-446C-88C9-4AB7E2059DEE}.Release|Any CPU.ActiveCfg = Release|Any CPU
		{AF3B7F60-6653-446C-88C9-4AB7E2059DEE}.Release|Any CPU.Build.0 = Release|Any CPU
		{AF3B7F60-6653-446C-88C9-4AB7E2059DEE}.Release|x64.ActiveCfg = Release|Any CPU
		{AF3B7F60-6653-446C-88C9-4AB7E2059DEE}.Release|x64.Build.0 = Release|Any CPU
		{AF3B7F60-6653-446C-88C9-4AB7E2059DEE}.Release|x86.ActiveCfg = Release|Any CPU
		{AF3B7F60-6653-446C-88C9-4AB7E2059DEE}.Release|x86.Build.0 = Release|Any CPU
		{310BC839-337C-4A7E-A8D0-2510E986B358}.Debug|Any CPU.ActiveCfg = Debug|Any CPU
		{310BC839-337C-4A7E-A8D0-2510E986B358}.Debug|Any CPU.Build.0 = Debug|Any CPU
		{310BC839-337C-4A7E-A8D0-2510E986B358}.Debug|x64.ActiveCfg = Debug|Any CPU
		{310BC839-337C-4A7E-A8D0-2510E986B358}.Debug|x64.Build.0 = Debug|Any CPU
		{310BC839-337C-4A7E-A8D0-2510E986B358}.Debug|x86.ActiveCfg = Debug|Any CPU
		{310BC839-337C-4A7E-A8D0-2510E986B358}.Debug|x86.Build.0 = Debug|Any CPU
		{310BC839-337C-4A7E-A8D0-2510E986B358}.Release|Any CPU.ActiveCfg = Release|Any CPU
		{310BC839-337C-4A7E-A8D0-2510E986B358}.Release|Any CPU.Build.0 = Release|Any CPU
		{310BC839-337C-4A7E-A8D0-2510E986B358}.Release|x64.ActiveCfg = Release|Any CPU
		{310BC839-337C-4A7E-A8D0-2510E986B358}.Release|x64.Build.0 = Release|Any CPU
		{310BC839-337C-4A7E-A8D0-2510E986B358}.Release|x86.ActiveCfg = Release|Any CPU
		{310BC839-337C-4A7E-A8D0-2510E986B358}.Release|x86.Build.0 = Release|Any CPU
	EndGlobalSection
	GlobalSection(SolutionProperties) = preSolution
		HideSolutionNode = FALSE
	EndGlobalSection
	GlobalSection(ExtensibilityGlobals) = postSolution
		SolutionGuid = {62A95E45-FA66-4ABB-B36C-68E30E34CF93}
	EndGlobalSection
EndGlobal
